
Microsoft Visual Studio Solution File, Format Version 12.00
# Visual Studio Version 17
VisualStudioVersion = 17.8.34316.72
MinimumVisualStudioVersion = 10.0.40219.1
Project("{9A19103F-16F7-4668-BE54-9A1E7A4F7556}") = "Chatbot", "Chatbot\Chatbot.csproj", "{37CE1C8F-2147-47F3-BD2B-D05972836150}"
EndProject
Project("{2150E333-8FDC-42A3-9474-1A3956D46DE8}") = "Solution Items", "Solution Items", "{8DCE50F2-7E94-4990-9B99-815BA60C4F26}"
	ProjectSection(SolutionItems) = preProject
		README.md = README.md
	EndProjectSection
EndProject
Global
	GlobalSection(SolutionConfigurationPlatforms) = preSolution
		Debug|Any CPU = Debug|Any CPU
		Release|Any CPU = Release|Any CPU
	EndGlobalSection
	GlobalSection(ProjectConfigurationPlatforms) = postSolution
		{37CE1C8F-2147-47F3-BD2B-D05972836150}.Debug|Any CPU.ActiveCfg = Debug|Any CPU
		{37CE1C8F-2147-47F3-BD2B-D05972836150}.Debug|Any CPU.Build.0 = Debug|Any CPU
		{37CE1C8F-2147-47F3-BD2B-D05972836150}.Release|Any CPU.ActiveCfg = Release|Any CPU
		{37CE1C8F-2147-47F3-BD2B-D05972836150}.Release|Any CPU.Build.0 = Release|Any CPU
	EndGlobalSection
	GlobalSection(SolutionProperties) = preSolution
		HideSolutionNode = FALSE
	EndGlobalSection
EndGlobal
